<?xml version="1.0" encoding="UTF-8" standalone="yes" ?>
<CodeBlocks_project_file>
	<FileVersion major="1" minor="6" />
	<Project>
		<Option title="INF3_CrazyBattleShips4" />
		<Option makefile_is_custom="1" />
		<Option pch_mode="2" />
		<Option compiler="gcc" />
		<Build>
			<Target title="all">
				<Option output="bin/Release/INF3_CrazyBattleShips4" prefix_auto="1" extension_auto="1" />
				<Option object_output="obj/Release/" />
				<Option type="1" />
				<Option compiler="gcc" />
				<Compiler>
					<Add option="-O2" />
				</Compiler>
				<Linker>
					<Add option="-s" />
				</Linker>
			</Target>
			<Target title="clean">
				<Option output="INF3_CrazyBattleShips4" prefix_auto="1" extension_auto="1" />
				<Option type="0" />
				<Option compiler="gcc" />
			</Target>
			<Target title="doc">
				<Option output="INF3_CrazyBattleShips4" prefix_auto="1" extension_auto="1" />
				<Option type="0" />
				<Option compiler="gcc" />
			</Target>
		</Build>
		<Compiler>
			<Add option="-Wall" />
		</Compiler>
		<Unit filename="DOXYGENDOC/html/annotated.html">
			<Option target="all" />
		</Unit>
		<Unit filename="DOXYGENDOC/html/arrowdown.png">
			<Option target="all" />
		</Unit>
		<Unit filename="DOXYGENDOC/html/arrowright.png">
			<Option target="all" />
		</Unit>
		<Unit filename="DOXYGENDOC/html/bc_s.png">
			<Option target="all" />
		</Unit>
		<Unit filename="DOXYGENDOC/html/bdwn.png">
			<Option target="all" />
		</Unit>
		<Unit filename="DOXYGENDOC/html/classes.html">
			<Option target="all" />
		</Unit>
		<Unit filename="DOXYGENDOC/html/closed.png">
			<Option target="all" />
		</Unit>
		<Unit filename="DOXYGENDOC/html/d0/d31/classTASK5_1_1ISubject.html">
			<Option target="all" />
		</Unit>
		<Unit filename="DOXYGENDOC/html/d0/d35/classTASK5_1_1ConcreteObserver__coll__graph.map">
			<Option target="all" />
		</Unit>
		<Unit filename="DOXYGENDOC/html/d0/d35/classTASK5_1_1ConcreteObserver__coll__graph.md5">
			<Option target="all" />
		</Unit>
		<Unit filename="DOXYGENDOC/html/d0/d35/classTASK5_1_1ConcreteObserver__coll__graph.png">
			<Option target="all" />
		</Unit>
		<Unit filename="DOXYGENDOC/html/d0/d74/classTASK5_1_1Subject__inherit__graph.map">
			<Option target="all" />
		</Unit>
		<Unit filename="DOXYGENDOC/html/d0/d74/classTASK5_1_1Subject__inherit__graph.md5">
			<Option target="all" />
		</Unit>
		<Unit filename="DOXYGENDOC/html/d0/d74/classTASK5_1_1Subject__inherit__graph.png">
			<Option target="all" />
		</Unit>
		<Unit filename="DOXYGENDOC/html/d0/d81/SIMPLESOCKET_8H.html">
			<Option target="all" />
		</Unit>
		<Unit filename="DOXYGENDOC/html/d0/d81/SIMPLESOCKET_8H_source.html">
			<Option target="all" />
		</Unit>
		<Unit filename="DOXYGENDOC/html/d0/ddd/classTASK6_1_1Queue__coll__graph.map">
			<Option target="all" />
		</Unit>
		<Unit filename="DOXYGENDOC/html/d0/ddd/classTASK6_1_1Queue__coll__graph.md5">
			<Option target="all" />
		</Unit>
		<Unit filename="DOXYGENDOC/html/d0/ddd/classTASK6_1_1Queue__coll__graph.png">
			<Option target="all" />
		</Unit>
		<Unit filename="DOXYGENDOC/html/d0/de9/classTASK5_1_1ConcreteObserver__inherit__graph.map">
			<Option target="all" />
		</Unit>
		<Unit filename="DOXYGENDOC/html/d0/de9/classTASK5_1_1ConcreteObserver__inherit__graph.md5">
			<Option target="all" />
		</Unit>
		<Unit filename="DOXYGENDOC/html/d0/de9/classTASK5_1_1ConcreteObserver__inherit__graph.png">
			<Option target="all" />
		</Unit>
		<Unit filename="DOXYGENDOC/html/d0/df0/classTASK1_1_1BlackBoxUnsafe__coll__graph.map">
			<Option target="all" />
		</Unit>
		<Unit filename="DOXYGENDOC/html/d0/df0/classTASK1_1_1BlackBoxUnsafe__coll__graph.md5">
			<Option target="all" />
		</Unit>
		<Unit filename="DOXYGENDOC/html/d0/df0/classTASK1_1_1BlackBoxUnsafe__coll__graph.png">
			<Option target="all" />
		</Unit>
		<Unit filename="DOXYGENDOC/html/d1/d38/SIMPLESOCKET_8H__dep__incl.map">
			<Option target="all" />
		</Unit>
		<Unit filename="DOXYGENDOC/html/d1/d38/SIMPLESOCKET_8H__dep__incl.md5">
			<Option target="all" />
		</Unit>
		<Unit filename="DOXYGENDOC/html/d1/d38/SIMPLESOCKET_8H__dep__incl.png">
			<Option target="all" />
		</Unit>
		<Unit filename="DOXYGENDOC/html/d1/d6d/classTASK1_1_1BlackBoxSafe__coll__graph.map">
			<Option target="all" />
		</Unit>
		<Unit filename="DOXYGENDOC/html/d1/d6d/classTASK1_1_1BlackBoxSafe__coll__graph.md5">
			<Option target="all" />
		</Unit>
		<Unit filename="DOXYGENDOC/html/d1/d6d/classTASK1_1_1BlackBoxSafe__coll__graph.png">
			<Option target="all" />
		</Unit>
		<Unit filename="DOXYGENDOC/html/d1/d6d/classTASK3_1_1World.html">
			<Option target="all" />
		</Unit>
		<Unit filename="DOXYGENDOC/html/d1/d7e/classTASK5_1_1IObserver.html">
			<Option target="all" />
		</Unit>
		<Unit filename="DOXYGENDOC/html/d1/db3/classTASK6_1_1Element__coll__graph.map">
			<Option target="all" />
		</Unit>
		<Unit filename="DOXYGENDOC/html/d1/db3/classTASK6_1_1Element__coll__graph.md5">
			<Option target="all" />
		</Unit>
		<Unit filename="DOXYGENDOC/html/d1/db3/classTASK6_1_1Element__coll__graph.png">
			<Option target="all" />
		</Unit>
		<Unit filename="DOXYGENDOC/html/d1/dd4/SHA256_8H.html">
			<Option target="all" />
		</Unit>
		<Unit filename="DOXYGENDOC/html/d1/dd4/SHA256_8H_source.html">
			<Option target="all" />
		</Unit>
		<Unit filename="DOXYGENDOC/html/d1/de2/classTASK5_1_1WebCamObserver__coll__graph.map">
			<Option target="all" />
		</Unit>
		<Unit filename="DOXYGENDOC/html/d1/de2/classTASK5_1_1WebCamObserver__coll__graph.md5">
			<Option target="all" />
		</Unit>
		<Unit filename="DOXYGENDOC/html/d1/de2/classTASK5_1_1WebCamObserver__coll__graph.png">
			<Option target="all" />
		</Unit>
		<Unit filename="DOXYGENDOC/html/d2/d0f/classTASK3_1_1Ship__coll__graph.map">
			<Option target="all" />
		</Unit>
		<Unit filename="DOXYGENDOC/html/d2/d0f/classTASK3_1_1Ship__coll__graph.md5">
			<Option target="all" />
		</Unit>
		<Unit filename="DOXYGENDOC/html/d2/d0f/classTASK3_1_1Ship__coll__graph.png">
			<Option target="all" />
		</Unit>
		<Unit filename="DOXYGENDOC/html/d2/d2c/classTASK6_1_1Queue__inherit__graph.map">
			<Option target="all" />
		</Unit>
		<Unit filename="DOXYGENDOC/html/d2/d2c/classTASK6_1_1Queue__inherit__graph.md5">
			<Option target="all" />
		</Unit>
		<Unit filename="DOXYGENDOC/html/d2/d2c/classTASK6_1_1Queue__inherit__graph.png">
			<Option target="all" />
		</Unit>
		<Unit filename="DOXYGENDOC/html/d2/d3b/classTASK6_1_1ITestItem__inherit__graph.map">
			<Option target="all" />
		</Unit>
		<Unit filename="DOXYGENDOC/html/d2/d3b/classTASK6_1_1ITestItem__inherit__graph.md5">
			<Option target="all" />
		</Unit>
		<Unit filename="DOXYGENDOC/html/d2/d3b/classTASK6_1_1ITestItem__inherit__graph.png">
			<Option target="all" />
		</Unit>
		<Unit filename="DOXYGENDOC/html/d2/d74/TASK6_8H__incl.map">
			<Option target="all" />
		</Unit>
		<Unit filename="DOXYGENDOC/html/d2/d74/TASK6_8H__incl.md5">
			<Option target="all" />
		</Unit>
		<Unit filename="DOXYGENDOC/html/d2/d74/TASK6_8H__incl.png">
			<Option target="all" />
		</Unit>
		<Unit filename="DOXYGENDOC/html/d2/d96/TASK1_8H.html">
			<Option target="all" />
		</Unit>
		<Unit filename="DOXYGENDOC/html/d2/d96/TASK1_8H_source.html">
			<Option target="all" />
		</Unit>
		<Unit filename="DOXYGENDOC/html/d2/db2/classTASK3_1_1Ship.html">
			<Option target="all" />
		</Unit>
		<Unit filename="DOXYGENDOC/html/d3/d58/namespaceTASK3.html">
			<Option target="all" />
		</Unit>
		<Unit filename="DOXYGENDOC/html/d3/d67/classTASK6_1_1TestCase.html">
			<Option target="all" />
		</Unit>
		<Unit filename="DOXYGENDOC/html/d3/dc1/classTASK1_1_1IBlackBox__inherit__graph.map">
			<Option target="all" />
		</Unit>
		<Unit filename="DOXYGENDOC/html/d3/dc1/classTASK1_1_1IBlackBox__inherit__graph.md5">
			<Option target="all" />
		</Unit>
		<Unit filename="DOXYGENDOC/html/d3/dc1/classTASK1_1_1IBlackBox__inherit__graph.png">
			<Option target="all" />
		</Unit>
		<Unit filename="DOXYGENDOC/html/d3/dd9/classTASK5_1_1ConcreteSubject.html">
			<Option target="all" />
		</Unit>
		<Unit filename="DOXYGENDOC/html/d4/d02/classTASK6_1_1Element.html">
			<Option target="all" />
		</Unit>
		<Unit filename="DOXYGENDOC/html/d4/d07/classTASK2_1_1SimFileServer.html">
			<Option target="all" />
		</Unit>
		<Unit filename="DOXYGENDOC/html/d4/d5e/namespaceTASK2.html">
			<Option target="all" />
		</Unit>
		<Unit filename="DOXYGENDOC/html/d4/d68/classTASK5_1_1WebCamObserverGray__inherit__graph.map">
			<Option target="all" />
		</Unit>
		<Unit filename="DOXYGENDOC/html/d4/d68/classTASK5_1_1WebCamObserverGray__inherit__graph.md5">
			<Option target="all" />
		</Unit>
		<Unit filename="DOXYGENDOC/html/d4/d68/classTASK5_1_1WebCamObserverGray__inherit__graph.png">
			<Option target="all" />
		</Unit>
		<Unit filename="DOXYGENDOC/html/d4/d9a/classTASK6_1_1UnitTest.html">
			<Option target="all" />
		</Unit>
		<Unit filename="DOXYGENDOC/html/d4/df7/classTASK6_1_1TestSuite__inherit__graph.map">
			<Option target="all" />
		</Unit>
		<Unit filename="DOXYGENDOC/html/d4/df7/classTASK6_1_1TestSuite__inherit__graph.md5">
			<Option target="all" />
		</Unit>
		<Unit filename="DOXYGENDOC/html/d4/df7/classTASK6_1_1TestSuite__inherit__graph.png">
			<Option target="all" />
		</Unit>
		<Unit filename="DOXYGENDOC/html/d4/dfc/classTASK5_1_1WebCamObserverDownscale__coll__graph.map">
			<Option target="all" />
		</Unit>
		<Unit filename="DOXYGENDOC/html/d4/dfc/classTASK5_1_1WebCamObserverDownscale__coll__graph.md5">
			<Option target="all" />
		</Unit>
		<Unit filename="DOXYGENDOC/html/d4/dfc/classTASK5_1_1WebCamObserverDownscale__coll__graph.png">
			<Option target="all" />
		</Unit>
		<Unit filename="DOXYGENDOC/html/d4/dfe/classTASK5_1_1WebCamSubject.html">
			<Option target="all" />
		</Unit>
		<Unit filename="DOXYGENDOC/html/d4/dff/classTASK6_1_1ITestItem.html">
			<Option target="all" />
		</Unit>
		<Unit filename="DOXYGENDOC/html/d5/d48/classInputTest__A.html">
			<Option target="all" />
		</Unit>
		<Unit filename="DOXYGENDOC/html/d5/d5f/classTASK5_1_1WebCamObserver__inherit__graph.map">
			<Option target="all" />
		</Unit>
		<Unit filename="DOXYGENDOC/html/d5/d5f/classTASK5_1_1WebCamObserver__inherit__graph.md5">
			<Option target="all" />
		</Unit>
		<Unit filename="DOXYGENDOC/html/d5/d5f/classTASK5_1_1WebCamObserver__inherit__graph.png">
			<Option target="all" />
		</Unit>
		<Unit filename="DOXYGENDOC/html/d5/d91/namespaceTASK5.html">
			<Option target="all" />
		</Unit>
		<Unit filename="DOXYGENDOC/html/d5/d9d/classTASK6_1_1TestItem__inherit__graph.map">
			<Option target="all" />
		</Unit>
		<Unit filename="DOXYGENDOC/html/d5/d9d/classTASK6_1_1TestItem__inherit__graph.md5">
			<Option target="all" />
		</Unit>
		<Unit filename="DOXYGENDOC/html/d5/d9d/classTASK6_1_1TestItem__inherit__graph.png">
			<Option target="all" />
		</Unit>
		<Unit filename="DOXYGENDOC/html/d5/df4/SIMPLESOCKET_8H__incl.map">
			<Option target="all" />
		</Unit>
		<Unit filename="DOXYGENDOC/html/d5/df4/SIMPLESOCKET_8H__incl.md5">
			<Option target="all" />
		</Unit>
		<Unit filename="DOXYGENDOC/html/d5/df4/SIMPLESOCKET_8H__incl.png">
			<Option target="all" />
		</Unit>
		<Unit filename="DOXYGENDOC/html/d6/d0c/SHA256_8H__incl.map">
			<Option target="all" />
		</Unit>
		<Unit filename="DOXYGENDOC/html/d6/d0c/SHA256_8H__incl.md5">
			<Option target="all" />
		</Unit>
		<Unit filename="DOXYGENDOC/html/d6/d0c/SHA256_8H__incl.png">
			<Option target="all" />
		</Unit>
		<Unit filename="DOXYGENDOC/html/d6/d0e/classTASK5_1_1IObserver__inherit__graph.map">
			<Option target="all" />
		</Unit>
		<Unit filename="DOXYGENDOC/html/d6/d0e/classTASK5_1_1IObserver__inherit__graph.md5">
			<Option target="all" />
		</Unit>
		<Unit filename="DOXYGENDOC/html/d6/d0e/classTASK5_1_1IObserver__inherit__graph.png">
			<Option target="all" />
		</Unit>
		<Unit filename="DOXYGENDOC/html/d6/d10/classTASK5_1_1ISubject__inherit__graph.map">
			<Option target="all" />
		</Unit>
		<Unit filename="DOXYGENDOC/html/d6/d10/classTASK5_1_1ISubject__inherit__graph.md5">
			<Option target="all" />
		</Unit>
		<Unit filename="DOXYGENDOC/html/d6/d10/classTASK5_1_1ISubject__inherit__graph.png">
			<Option target="all" />
		</Unit>
		<Unit filename="DOXYGENDOC/html/d6/d34/classTASK6_1_1UnitTest__coll__graph.map">
			<Option target="all" />
		</Unit>
		<Unit filename="DOXYGENDOC/html/d6/d34/classTASK6_1_1UnitTest__coll__graph.md5">
			<Option target="all" />
		</Unit>
		<Unit filename="DOXYGENDOC/html/d6/d34/classTASK6_1_1UnitTest__coll__graph.png">
			<Option target="all" />
		</Unit>
		<Unit filename="DOXYGENDOC/html/d6/d44/classTASK5_1_1WebCamSubject__coll__graph.map">
			<Option target="all" />
		</Unit>
		<Unit filename="DOXYGENDOC/html/d6/d44/classTASK5_1_1WebCamSubject__coll__graph.md5">
			<Option target="all" />
		</Unit>
		<Unit filename="DOXYGENDOC/html/d6/d44/classTASK5_1_1WebCamSubject__coll__graph.png">
			<Option target="all" />
		</Unit>
		<Unit filename="DOXYGENDOC/html/d6/d5a/classTASK5_1_1WebCamObserverDownscale.html">
			<Option target="all" />
		</Unit>
		<Unit filename="DOXYGENDOC/html/d6/d82/classTASK5_1_1WebCamSubject__inherit__graph.map">
			<Option target="all" />
		</Unit>
		<Unit filename="DOXYGENDOC/html/d6/d82/classTASK5_1_1WebCamSubject__inherit__graph.md5">
			<Option target="all" />
		</Unit>
		<Unit filename="DOXYGENDOC/html/d6/d82/classTASK5_1_1WebCamSubject__inherit__graph.png">
			<Option target="all" />
		</Unit>
		<Unit filename="DOXYGENDOC/html/d6/d9a/classTASK3_1_1Block.html">
			<Option target="all" />
		</Unit>
		<Unit filename="DOXYGENDOC/html/d7/d02/classInputTest__A__coll__graph.map">
			<Option target="all" />
		</Unit>
		<Unit filename="DOXYGENDOC/html/d7/d02/classInputTest__A__coll__graph.md5">
			<Option target="all" />
		</Unit>
		<Unit filename="DOXYGENDOC/html/d7/d02/classInputTest__A__coll__graph.png">
			<Option target="all" />
		</Unit>
		<Unit filename="DOXYGENDOC/html/d7/d0f/classTASK6_1_1TestSuite.html">
			<Option target="all" />
		</Unit>
		<Unit filename="DOXYGENDOC/html/d7/da2/TASK2_8H.html">
			<Option target="all" />
		</Unit>
		<Unit filename="DOXYGENDOC/html/d7/da2/TASK2_8H_source.html">
			<Option target="all" />
		</Unit>
		<Unit filename="DOXYGENDOC/html/d7/dcd/classTASK2_1_1SimFileServer__inherit__graph.map">
			<Option target="all" />
		</Unit>
		<Unit filename="DOXYGENDOC/html/d7/dcd/classTASK2_1_1SimFileServer__inherit__graph.md5">
			<Option target="all" />
		</Unit>
		<Unit filename="DOXYGENDOC/html/d7/dcd/classTASK2_1_1SimFileServer__inherit__graph.png">
			<Option target="all" />
		</Unit>
		<Unit filename="DOXYGENDOC/html/d7/de8/TASK5_8H.html">
			<Option target="all" />
		</Unit>
		<Unit filename="DOXYGENDOC/html/d7/de8/TASK5_8H_source.html">
			<Option target="all" />
		</Unit>
		<Unit filename="DOXYGENDOC/html/d8/d03/classInputTest__A__inherit__graph.map">
			<Option target="all" />
		</Unit>
		<Unit filename="DOXYGENDOC/html/d8/d03/classInputTest__A__inherit__graph.md5">
			<Option target="all" />
		</Unit>
		<Unit filename="DOXYGENDOC/html/d8/d03/classInputTest__A__inherit__graph.png">
			<Option target="all" />
		</Unit>
		<Unit filename="DOXYGENDOC/html/d8/dbc/classTASK5_1_1WebCamObserverGray__coll__graph.map">
			<Option target="all" />
		</Unit>
		<Unit filename="DOXYGENDOC/html/d8/dbc/classTASK5_1_1WebCamObserverGray__coll__graph.md5">
			<Option target="all" />
		</Unit>
		<Unit filename="DOXYGENDOC/html/d8/dbc/classTASK5_1_1WebCamObserverGray__coll__graph.png">
			<Option target="all" />
		</Unit>
		<Unit filename="DOXYGENDOC/html/d8/dd9/classTASK6_1_1TestCase__inherit__graph.map">
			<Option target="all" />
		</Unit>
		<Unit filename="DOXYGENDOC/html/d8/dd9/classTASK6_1_1TestCase__inherit__graph.md5">
			<Option target="all" />
		</Unit>
		<Unit filename="DOXYGENDOC/html/d8/dd9/classTASK6_1_1TestCase__inherit__graph.png">
			<Option target="all" />
		</Unit>
		<Unit filename="DOXYGENDOC/html/d8/dde/classTASK6_1_1TestItem__coll__graph.map">
			<Option target="all" />
		</Unit>
		<Unit filename="DOXYGENDOC/html/d8/dde/classTASK6_1_1TestItem__coll__graph.md5">
			<Option target="all" />
		</Unit>
		<Unit filename="DOXYGENDOC/html/d8/dde/classTASK6_1_1TestItem__coll__graph.png">
			<Option target="all" />
		</Unit>
		<Unit filename="DOXYGENDOC/html/d8/de7/TASK5_8H__incl.map">
			<Option target="all" />
		</Unit>
		<Unit filename="DOXYGENDOC/html/d8/de7/TASK5_8H__incl.md5">
			<Option target="all" />
		</Unit>
		<Unit filename="DOXYGENDOC/html/d8/de7/TASK5_8H__incl.png">
			<Option target="all" />
		</Unit>
		<Unit filename="DOXYGENDOC/html/d9/d01/classTASK5_1_1ConcreteSubject__coll__graph.map">
			<Option target="all" />
		</Unit>
		<Unit filename="DOXYGENDOC/html/d9/d01/classTASK5_1_1ConcreteSubject__coll__graph.md5">
			<Option target="all" />
		</Unit>
		<Unit filename="DOXYGENDOC/html/d9/d01/classTASK5_1_1ConcreteSubject__coll__graph.png">
			<Option target="all" />
		</Unit>
		<Unit filename="DOXYGENDOC/html/d9/d4d/namespaceTASK4.html">
			<Option target="all" />
		</Unit>
		<Unit filename="DOXYGENDOC/html/d9/d52/TASK6_8H.html">
			<Option target="all" />
		</Unit>
		<Unit filename="DOXYGENDOC/html/d9/d52/TASK6_8H_source.html">
			<Option target="all" />
		</Unit>
		<Unit filename="DOXYGENDOC/html/d9/d81/classSHA256.html">
			<Option target="all" />
		</Unit>
		<Unit filename="DOXYGENDOC/html/d9/d9f/classTASK5_1_1WebCamObserver.html">
			<Option target="all" />
		</Unit>
		<Unit filename="DOXYGENDOC/html/d9/db3/classInputTest__B__inherit__graph.map">
			<Option target="all" />
		</Unit>
		<Unit filename="DOXYGENDOC/html/d9/db3/classInputTest__B__inherit__graph.md5">
			<Option target="all" />
		</Unit>
		<Unit filename="DOXYGENDOC/html/d9/db3/classInputTest__B__inherit__graph.png">
			<Option target="all" />
		</Unit>
		<Unit filename="DOXYGENDOC/html/d9/dc4/classTASK6_1_1UnitTest__inherit__graph.map">
			<Option target="all" />
		</Unit>
		<Unit filename="DOXYGENDOC/html/d9/dc4/classTASK6_1_1UnitTest__inherit__graph.md5">
			<Option target="all" />
		</Unit>
		<Unit filename="DOXYGENDOC/html/d9/dc4/classTASK6_1_1UnitTest__inherit__graph.png">
			<Option target="all" />
		</Unit>
		<Unit filename="DOXYGENDOC/html/d9/dc8/classTASK6_1_1List__inherit__graph.map">
			<Option target="all" />
		</Unit>
		<Unit filename="DOXYGENDOC/html/d9/dc8/classTASK6_1_1List__inherit__graph.md5">
			<Option target="all" />
		</Unit>
		<Unit filename="DOXYGENDOC/html/d9/dc8/classTASK6_1_1List__inherit__graph.png">
			<Option target="all" />
		</Unit>
		<Unit filename="DOXYGENDOC/html/d9/dd8/namespaceTASK6.html">
			<Option target="all" />
		</Unit>
		<Unit filename="DOXYGENDOC/html/d9/df4/classTASK1_1_1BlackBoxUnsafe.html">
			<Option target="all" />
		</Unit>
		<Unit filename="DOXYGENDOC/html/da/dc8/classTASK5_1_1ConcreteObserver.html">
			<Option target="all" />
		</Unit>
		<Unit filename="DOXYGENDOC/html/db/d12/classTASK6_1_1Queue.html">
			<Option target="all" />
		</Unit>
		<Unit filename="DOXYGENDOC/html/db/d13/classTASK5_1_1WebCamObserverDownscale__inherit__graph.map">
			<Option target="all" />
		</Unit>
		<Unit filename="DOXYGENDOC/html/db/d13/classTASK5_1_1WebCamObserverDownscale__inherit__graph.md5">
			<Option target="all" />
		</Unit>
		<Unit filename="DOXYGENDOC/html/db/d13/classTASK5_1_1WebCamObserverDownscale__inherit__graph.png">
			<Option target="all" />
		</Unit>
		<Unit filename="DOXYGENDOC/html/db/d51/classTASK1_1_1BlackBoxSafe__inherit__graph.map">
			<Option target="all" />
		</Unit>
		<Unit filename="DOXYGENDOC/html/db/d51/classTASK1_1_1BlackBoxSafe__inherit__graph.md5">
			<Option target="all" />
		</Unit>
		<Unit filename="DOXYGENDOC/html/db/d51/classTASK1_1_1BlackBoxSafe__inherit__graph.png">
			<Option target="all" />
		</Unit>
		<Unit filename="DOXYGENDOC/html/db/d91/TASK4_8H.html">
			<Option target="all" />
		</Unit>
		<Unit filename="DOXYGENDOC/html/db/d91/TASK4_8H_source.html">
			<Option target="all" />
		</Unit>
		<Unit filename="DOXYGENDOC/html/db/da7/classTASK6_1_1List.html">
			<Option target="all" />
		</Unit>
		<Unit filename="DOXYGENDOC/html/db/db3/classInputTest__B.html">
			<Option target="all" />
		</Unit>
		<Unit filename="DOXYGENDOC/html/db/dc7/classTCPclient.html">
			<Option target="all" />
		</Unit>
		<Unit filename="DOXYGENDOC/html/db/dc8/SHA256_8H__dep__incl.map">
			<Option target="all" />
		</Unit>
		<Unit filename="DOXYGENDOC/html/db/dc8/SHA256_8H__dep__incl.md5">
			<Option target="all" />
		</Unit>
		<Unit filename="DOXYGENDOC/html/db/dc8/SHA256_8H__dep__incl.png">
			<Option target="all" />
		</Unit>
		<Unit filename="DOXYGENDOC/html/db/ddf/classTASK5_1_1WebCamObserverGray.html">
			<Option target="all" />
		</Unit>
		<Unit filename="DOXYGENDOC/html/db/de8/TASK2_8H__incl.map">
			<Option target="all" />
		</Unit>
		<Unit filename="DOXYGENDOC/html/db/de8/TASK2_8H__incl.md5">
			<Option target="all" />
		</Unit>
		<Unit filename="DOXYGENDOC/html/db/de8/TASK2_8H__incl.png">
			<Option target="all" />
		</Unit>
		<Unit filename="DOXYGENDOC/html/dc/d0f/classTCPserver.html">
			<Option target="all" />
		</Unit>
		<Unit filename="DOXYGENDOC/html/dc/d8c/TASK1_8H__incl.map">
			<Option target="all" />
		</Unit>
		<Unit filename="DOXYGENDOC/html/dc/d8c/TASK1_8H__incl.md5">
			<Option target="all" />
		</Unit>
		<Unit filename="DOXYGENDOC/html/dc/d8c/TASK1_8H__incl.png">
			<Option target="all" />
		</Unit>
		<Unit filename="DOXYGENDOC/html/dc/d94/classTCPserver__inherit__graph.map">
			<Option target="all" />
		</Unit>
		<Unit filename="DOXYGENDOC/html/dc/d94/classTCPserver__inherit__graph.md5">
			<Option target="all" />
		</Unit>
		<Unit filename="DOXYGENDOC/html/dc/d94/classTCPserver__inherit__graph.png">
			<Option target="all" />
		</Unit>
		<Unit filename="DOXYGENDOC/html/dc/da0/classInputTest__B__coll__graph.map">
			<Option target="all" />
		</Unit>
		<Unit filename="DOXYGENDOC/html/dc/da0/classInputTest__B__coll__graph.md5">
			<Option target="all" />
		</Unit>
		<Unit filename="DOXYGENDOC/html/dc/da0/classInputTest__B__coll__graph.png">
			<Option target="all" />
		</Unit>
		<Unit filename="DOXYGENDOC/html/dc/da1/TASK4_8H__incl.map">
			<Option target="all" />
		</Unit>
		<Unit filename="DOXYGENDOC/html/dc/da1/TASK4_8H__incl.md5">
			<Option target="all" />
		</Unit>
		<Unit filename="DOXYGENDOC/html/dc/da1/TASK4_8H__incl.png">
			<Option target="all" />
		</Unit>
		<Unit filename="DOXYGENDOC/html/dc/dd6/classTASK5_1_1Subject.html">
			<Option target="all" />
		</Unit>
		<Unit filename="DOXYGENDOC/html/dd/d7c/TASK3_8H.html">
			<Option target="all" />
		</Unit>
		<Unit filename="DOXYGENDOC/html/dd/d7c/TASK3_8H_source.html">
			<Option target="all" />
		</Unit>
		<Unit filename="DOXYGENDOC/html/dd/db4/classTASK1_1_1BlackBoxSafe.html">
			<Option target="all" />
		</Unit>
		<Unit filename="DOXYGENDOC/html/de/d58/classTASK6_1_1TestCase__coll__graph.map">
			<Option target="all" />
		</Unit>
		<Unit filename="DOXYGENDOC/html/de/d58/classTASK6_1_1TestCase__coll__graph.md5">
			<Option target="all" />
		</Unit>
		<Unit filename="DOXYGENDOC/html/de/d58/classTASK6_1_1TestCase__coll__graph.png">
			<Option target="all" />
		</Unit>
		<Unit filename="DOXYGENDOC/html/de/d6b/classTASK2_1_1SimFileServer__coll__graph.map">
			<Option target="all" />
		</Unit>
		<Unit filename="DOXYGENDOC/html/de/d6b/classTASK2_1_1SimFileServer__coll__graph.md5">
			<Option target="all" />
		</Unit>
		<Unit filename="DOXYGENDOC/html/de/d6b/classTASK2_1_1SimFileServer__coll__graph.png">
			<Option target="all" />
		</Unit>
		<Unit filename="DOXYGENDOC/html/de/d74/classTASK5_1_1Subject__coll__graph.map">
			<Option target="all" />
		</Unit>
		<Unit filename="DOXYGENDOC/html/de/d74/classTASK5_1_1Subject__coll__graph.md5">
			<Option target="all" />
		</Unit>
		<Unit filename="DOXYGENDOC/html/de/d74/classTASK5_1_1Subject__coll__graph.png">
			<Option target="all" />
		</Unit>
		<Unit filename="DOXYGENDOC/html/de/d87/classTASK1_1_1IBlackBox.html">
			<Option target="all" />
		</Unit>
		<Unit filename="DOXYGENDOC/html/de/dda/classTASK6_1_1TestSuite__coll__graph.map">
			<Option target="all" />
		</Unit>
		<Unit filename="DOXYGENDOC/html/de/dda/classTASK6_1_1TestSuite__coll__graph.md5">
			<Option target="all" />
		</Unit>
		<Unit filename="DOXYGENDOC/html/de/dda/classTASK6_1_1TestSuite__coll__graph.png">
			<Option target="all" />
		</Unit>
		<Unit filename="DOXYGENDOC/html/de/df5/TASK3_8H__incl.map">
			<Option target="all" />
		</Unit>
		<Unit filename="DOXYGENDOC/html/de/df5/TASK3_8H__incl.md5">
			<Option target="all" />
		</Unit>
		<Unit filename="DOXYGENDOC/html/de/df5/TASK3_8H__incl.png">
			<Option target="all" />
		</Unit>
		<Unit filename="DOXYGENDOC/html/de/dff/namespaceTASK1.html">
			<Option target="all" />
		</Unit>
		<Unit filename="DOXYGENDOC/html/df/d22/classTASK6_1_1TestItem.html">
			<Option target="all" />
		</Unit>
		<Unit filename="DOXYGENDOC/html/df/d3b/classTASK3_1_1World__coll__graph.map">
			<Option target="all" />
		</Unit>
		<Unit filename="DOXYGENDOC/html/df/d3b/classTASK3_1_1World__coll__graph.md5">
			<Option target="all" />
		</Unit>
		<Unit filename="DOXYGENDOC/html/df/d3b/classTASK3_1_1World__coll__graph.png">
			<Option target="all" />
		</Unit>
		<Unit filename="DOXYGENDOC/html/df/d3e/classTASK1_1_1BlackBoxUnsafe__inherit__graph.map">
			<Option target="all" />
		</Unit>
		<Unit filename="DOXYGENDOC/html/df/d3e/classTASK1_1_1BlackBoxUnsafe__inherit__graph.md5">
			<Option target="all" />
		</Unit>
		<Unit filename="DOXYGENDOC/html/df/d3e/classTASK1_1_1BlackBoxUnsafe__inherit__graph.png">
			<Option target="all" />
		</Unit>
		<Unit filename="DOXYGENDOC/html/df/d49/classTASK5_1_1ConcreteSubject__inherit__graph.map">
			<Option target="all" />
		</Unit>
		<Unit filename="DOXYGENDOC/html/df/d49/classTASK5_1_1ConcreteSubject__inherit__graph.md5">
			<Option target="all" />
		</Unit>
		<Unit filename="DOXYGENDOC/html/df/d49/classTASK5_1_1ConcreteSubject__inherit__graph.png">
			<Option target="all" />
		</Unit>
		<Unit filename="DOXYGENDOC/html/df/dee/classTASK2_1_1HtmlFile.html">
			<Option target="all" />
		</Unit>
		<Unit filename="DOXYGENDOC/html/doc.png">
			<Option target="all" />
		</Unit>
		<Unit filename="DOXYGENDOC/html/doxygen.css">
			<Option target="all" />
		</Unit>
		<Unit filename="DOXYGENDOC/html/doxygen.png">
			<Option target="all" />
		</Unit>
		<Unit filename="DOXYGENDOC/html/dynsections.js">
			<Option target="all" />
		</Unit>
		<Unit filename="DOXYGENDOC/html/files.html">
			<Option target="all" />
		</Unit>
		<Unit filename="DOXYGENDOC/html/folderclosed.png">
			<Option target="all" />
		</Unit>
		<Unit filename="DOXYGENDOC/html/folderopen.png">
			<Option target="all" />
		</Unit>
		<Unit filename="DOXYGENDOC/html/functions.html">
			<Option target="all" />
		</Unit>
		<Unit filename="DOXYGENDOC/html/functions_func.html">
			<Option target="all" />
		</Unit>
		<Unit filename="DOXYGENDOC/html/functions_vars.html">
			<Option target="all" />
		</Unit>
		<Unit filename="DOXYGENDOC/html/graph_legend.html">
			<Option target="all" />
		</Unit>
		<Unit filename="DOXYGENDOC/html/graph_legend.md5">
			<Option target="all" />
		</Unit>
		<Unit filename="DOXYGENDOC/html/graph_legend.png">
			<Option target="all" />
		</Unit>
		<Unit filename="DOXYGENDOC/html/hierarchy.html">
			<Option target="all" />
		</Unit>
		<Unit filename="DOXYGENDOC/html/index.html">
			<Option target="all" />
		</Unit>
		<Unit filename="DOXYGENDOC/html/inherit_graph_0.map">
			<Option target="all" />
		</Unit>
		<Unit filename="DOXYGENDOC/html/inherit_graph_0.md5">
			<Option target="all" />
		</Unit>
		<Unit filename="DOXYGENDOC/html/inherit_graph_0.png">
			<Option target="all" />
		</Unit>
		<Unit filename="DOXYGENDOC/html/inherit_graph_1.map">
			<Option target="all" />
		</Unit>
		<Unit filename="DOXYGENDOC/html/inherit_graph_1.md5">
			<Option target="all" />
		</Unit>
		<Unit filename="DOXYGENDOC/html/inherit_graph_1.png">
			<Option target="all" />
		</Unit>
		<Unit filename="DOXYGENDOC/html/inherit_graph_10.map">
			<Option target="all" />
		</Unit>
		<Unit filename="DOXYGENDOC/html/inherit_graph_10.md5">
			<Option target="all" />
		</Unit>
		<Unit filename="DOXYGENDOC/html/inherit_graph_10.png">
			<Option target="all" />
		</Unit>
		<Unit filename="DOXYGENDOC/html/inherit_graph_11.map">
			<Option target="all" />
		</Unit>
		<Unit filename="DOXYGENDOC/html/inherit_graph_11.md5">
			<Option target="all" />
		</Unit>
		<Unit filename="DOXYGENDOC/html/inherit_graph_11.png">
			<Option target="all" />
		</Unit>
		<Unit filename="DOXYGENDOC/html/inherit_graph_12.map">
			<Option target="all" />
		</Unit>
		<Unit filename="DOXYGENDOC/html/inherit_graph_12.md5">
			<Option target="all" />
		</Unit>
		<Unit filename="DOXYGENDOC/html/inherit_graph_12.png">
			<Option target="all" />
		</Unit>
		<Unit filename="DOXYGENDOC/html/inherit_graph_13.map">
			<Option target="all" />
		</Unit>
		<Unit filename="DOXYGENDOC/html/inherit_graph_13.md5">
			<Option target="all" />
		</Unit>
		<Unit filename="DOXYGENDOC/html/inherit_graph_13.png">
			<Option target="all" />
		</Unit>
		<Unit filename="DOXYGENDOC/html/inherit_graph_14.map">
			<Option target="all" />
		</Unit>
		<Unit filename="DOXYGENDOC/html/inherit_graph_14.md5">
			<Option target="all" />
		</Unit>
		<Unit filename="DOXYGENDOC/html/inherit_graph_14.png">
			<Option target="all" />
		</Unit>
		<Unit filename="DOXYGENDOC/html/inherit_graph_2.map">
			<Option target="all" />
		</Unit>
		<Unit filename="DOXYGENDOC/html/inherit_graph_2.md5">
			<Option target="all" />
		</Unit>
		<Unit filename="DOXYGENDOC/html/inherit_graph_2.png">
			<Option target="all" />
		</Unit>
		<Unit filename="DOXYGENDOC/html/inherit_graph_3.map">
			<Option target="all" />
		</Unit>
		<Unit filename="DOXYGENDOC/html/inherit_graph_3.md5">
			<Option target="all" />
		</Unit>
		<Unit filename="DOXYGENDOC/html/inherit_graph_3.png">
			<Option target="all" />
		</Unit>
		<Unit filename="DOXYGENDOC/html/inherit_graph_4.map">
			<Option target="all" />
		</Unit>
		<Unit filename="DOXYGENDOC/html/inherit_graph_4.md5">
			<Option target="all" />
		</Unit>
		<Unit filename="DOXYGENDOC/html/inherit_graph_4.png">
			<Option target="all" />
		</Unit>
		<Unit filename="DOXYGENDOC/html/inherit_graph_5.map">
			<Option target="all" />
		</Unit>
		<Unit filename="DOXYGENDOC/html/inherit_graph_5.md5">
			<Option target="all" />
		</Unit>
		<Unit filename="DOXYGENDOC/html/inherit_graph_5.png">
			<Option target="all" />
		</Unit>
		<Unit filename="DOXYGENDOC/html/inherit_graph_6.map">
			<Option target="all" />
		</Unit>
		<Unit filename="DOXYGENDOC/html/inherit_graph_6.md5">
			<Option target="all" />
		</Unit>
		<Unit filename="DOXYGENDOC/html/inherit_graph_6.png">
			<Option target="all" />
		</Unit>
		<Unit filename="DOXYGENDOC/html/inherit_graph_7.map">
			<Option target="all" />
		</Unit>
		<Unit filename="DOXYGENDOC/html/inherit_graph_7.md5">
			<Option target="all" />
		</Unit>
		<Unit filename="DOXYGENDOC/html/inherit_graph_7.png">
			<Option target="all" />
		</Unit>
		<Unit filename="DOXYGENDOC/html/inherit_graph_8.map">
			<Option target="all" />
		</Unit>
		<Unit filename="DOXYGENDOC/html/inherit_graph_8.md5">
			<Option target="all" />
		</Unit>
		<Unit filename="DOXYGENDOC/html/inherit_graph_8.png">
			<Option target="all" />
		</Unit>
		<Unit filename="DOXYGENDOC/html/inherit_graph_9.map">
			<Option target="all" />
		</Unit>
		<Unit filename="DOXYGENDOC/html/inherit_graph_9.md5">
			<Option target="all" />
		</Unit>
		<Unit filename="DOXYGENDOC/html/inherit_graph_9.png">
			<Option target="all" />
		</Unit>
		<Unit filename="DOXYGENDOC/html/inherits.html">
			<Option target="all" />
		</Unit>
		<Unit filename="DOXYGENDOC/html/jquery.js">
			<Option target="all" />
		</Unit>
		<Unit filename="DOXYGENDOC/html/md_README.html">
			<Option target="all" />
		</Unit>
		<Unit filename="DOXYGENDOC/html/namespacemembers.html">
			<Option target="all" />
		</Unit>
		<Unit filename="DOXYGENDOC/html/namespacemembers_enum.html">
			<Option target="all" />
		</Unit>
		<Unit filename="DOXYGENDOC/html/namespacemembers_eval.html">
			<Option target="all" />
		</Unit>
		<Unit filename="DOXYGENDOC/html/namespacemembers_func.html">
			<Option target="all" />
		</Unit>
		<Unit filename="DOXYGENDOC/html/namespacemembers_vars.html">
			<Option target="all" />
		</Unit>
		<Unit filename="DOXYGENDOC/html/namespaces.html">
			<Option target="all" />
		</Unit>
		<Unit filename="DOXYGENDOC/html/nav_f.png">
			<Option target="all" />
		</Unit>
		<Unit filename="DOXYGENDOC/html/nav_g.png">
			<Option target="all" />
		</Unit>
		<Unit filename="DOXYGENDOC/html/nav_h.png">
			<Option target="all" />
		</Unit>
		<Unit filename="DOXYGENDOC/html/open.png">
			<Option target="all" />
		</Unit>
		<Unit filename="DOXYGENDOC/html/pages.html">
			<Option target="all" />
		</Unit>
		<Unit filename="DOXYGENDOC/html/search/all_0.html">
			<Option target="all" />
		</Unit>
		<Unit filename="DOXYGENDOC/html/search/all_0.js">
			<Option target="all" />
		</Unit>
		<Unit filename="DOXYGENDOC/html/search/all_1.html">
			<Option target="all" />
		</Unit>
		<Unit filename="DOXYGENDOC/html/search/all_1.js">
			<Option target="all" />
		</Unit>
		<Unit filename="DOXYGENDOC/html/search/all_10.html">
			<Option target="all" />
		</Unit>
		<Unit filename="DOXYGENDOC/html/search/all_10.js">
			<Option target="all" />
		</Unit>
		<Unit filename="DOXYGENDOC/html/search/all_11.html">
			<Option target="all" />
		</Unit>
		<Unit filename="DOXYGENDOC/html/search/all_11.js">
			<Option target="all" />
		</Unit>
		<Unit filename="DOXYGENDOC/html/search/all_12.html">
			<Option target="all" />
		</Unit>
		<Unit filename="DOXYGENDOC/html/search/all_12.js">
			<Option target="all" />
		</Unit>
		<Unit filename="DOXYGENDOC/html/search/all_13.html">
			<Option target="all" />
		</Unit>
		<Unit filename="DOXYGENDOC/html/search/all_13.js">
			<Option target="all" />
		</Unit>
		<Unit filename="DOXYGENDOC/html/search/all_14.html">
			<Option target="all" />
		</Unit>
		<Unit filename="DOXYGENDOC/html/search/all_14.js">
			<Option target="all" />
		</Unit>
		<Unit filename="DOXYGENDOC/html/search/all_2.html">
			<Option target="all" />
		</Unit>
		<Unit filename="DOXYGENDOC/html/search/all_2.js">
			<Option target="all" />
		</Unit>
		<Unit filename="DOXYGENDOC/html/search/all_3.html">
			<Option target="all" />
		</Unit>
		<Unit filename="DOXYGENDOC/html/search/all_3.js">
			<Option target="all" />
		</Unit>
		<Unit filename="DOXYGENDOC/html/search/all_4.html">
			<Option target="all" />
		</Unit>
		<Unit filename="DOXYGENDOC/html/search/all_4.js">
			<Option target="all" />
		</Unit>
		<Unit filename="DOXYGENDOC/html/search/all_5.html">
			<Option target="all" />
		</Unit>
		<Unit filename="DOXYGENDOC/html/search/all_5.js">
			<Option target="all" />
		</Unit>
		<Unit filename="DOXYGENDOC/html/search/all_6.html">
			<Option target="all" />
		</Unit>
		<Unit filename="DOXYGENDOC/html/search/all_6.js">
			<Option target="all" />
		</Unit>
		<Unit filename="DOXYGENDOC/html/search/all_7.html">
			<Option target="all" />
		</Unit>
		<Unit filename="DOXYGENDOC/html/search/all_7.js">
			<Option target="all" />
		</Unit>
		<Unit filename="DOXYGENDOC/html/search/all_8.html">
			<Option target="all" />
		</Unit>
		<Unit filename="DOXYGENDOC/html/search/all_8.js">
			<Option target="all" />
		</Unit>
		<Unit filename="DOXYGENDOC/html/search/all_9.html">
			<Option target="all" />
		</Unit>
		<Unit filename="DOXYGENDOC/html/search/all_9.js">
			<Option target="all" />
		</Unit>
		<Unit filename="DOXYGENDOC/html/search/all_a.html">
			<Option target="all" />
		</Unit>
		<Unit filename="DOXYGENDOC/html/search/all_a.js">
			<Option target="all" />
		</Unit>
		<Unit filename="DOXYGENDOC/html/search/all_b.html">
			<Option target="all" />
		</Unit>
		<Unit filename="DOXYGENDOC/html/search/all_b.js">
			<Option target="all" />
		</Unit>
		<Unit filename="DOXYGENDOC/html/search/all_c.html">
			<Option target="all" />
		</Unit>
		<Unit filename="DOXYGENDOC/html/search/all_c.js">
			<Option target="all" />
		</Unit>
		<Unit filename="DOXYGENDOC/html/search/all_d.html">
			<Option target="all" />
		</Unit>
		<Unit filename="DOXYGENDOC/html/search/all_d.js">
			<Option target="all" />
		</Unit>
		<Unit filename="DOXYGENDOC/html/search/all_e.html">
			<Option target="all" />
		</Unit>
		<Unit filename="DOXYGENDOC/html/search/all_e.js">
			<Option target="all" />
		</Unit>
		<Unit filename="DOXYGENDOC/html/search/all_f.html">
			<Option target="all" />
		</Unit>
		<Unit filename="DOXYGENDOC/html/search/all_f.js">
			<Option target="all" />
		</Unit>
		<Unit filename="DOXYGENDOC/html/search/classes_0.html">
			<Option target="all" />
		</Unit>
		<Unit filename="DOXYGENDOC/html/search/classes_0.js">
			<Option target="all" />
		</Unit>
		<Unit filename="DOXYGENDOC/html/search/classes_1.html">
			<Option target="all" />
		</Unit>
		<Unit filename="DOXYGENDOC/html/search/classes_1.js">
			<Option target="all" />
		</Unit>
		<Unit filename="DOXYGENDOC/html/search/classes_2.html">
			<Option target="all" />
		</Unit>
		<Unit filename="DOXYGENDOC/html/search/classes_2.js">
			<Option target="all" />
		</Unit>
		<Unit filename="DOXYGENDOC/html/search/classes_3.html">
			<Option target="all" />
		</Unit>
		<Unit filename="DOXYGENDOC/html/search/classes_3.js">
			<Option target="all" />
		</Unit>
		<Unit filename="DOXYGENDOC/html/search/classes_4.html">
			<Option target="all" />
		</Unit>
		<Unit filename="DOXYGENDOC/html/search/classes_4.js">
			<Option target="all" />
		</Unit>
		<Unit filename="DOXYGENDOC/html/search/classes_5.html">
			<Option target="all" />
		</Unit>
		<Unit filename="DOXYGENDOC/html/search/classes_5.js">
			<Option target="all" />
		</Unit>
		<Unit filename="DOXYGENDOC/html/search/classes_6.html">
			<Option target="all" />
		</Unit>
		<Unit filename="DOXYGENDOC/html/search/classes_6.js">
			<Option target="all" />
		</Unit>
		<Unit filename="DOXYGENDOC/html/search/classes_7.html">
			<Option target="all" />
		</Unit>
		<Unit filename="DOXYGENDOC/html/search/classes_7.js">
			<Option target="all" />
		</Unit>
		<Unit filename="DOXYGENDOC/html/search/classes_8.html">
			<Option target="all" />
		</Unit>
		<Unit filename="DOXYGENDOC/html/search/classes_8.js">
			<Option target="all" />
		</Unit>
		<Unit filename="DOXYGENDOC/html/search/classes_9.html">
			<Option target="all" />
		</Unit>
		<Unit filename="DOXYGENDOC/html/search/classes_9.js">
			<Option target="all" />
		</Unit>
		<Unit filename="DOXYGENDOC/html/search/classes_a.html">
			<Option target="all" />
		</Unit>
		<Unit filename="DOXYGENDOC/html/search/classes_a.js">
			<Option target="all" />
		</Unit>
		<Unit filename="DOXYGENDOC/html/search/close.png">
			<Option target="all" />
		</Unit>
		<Unit filename="DOXYGENDOC/html/search/enums_0.html">
			<Option target="all" />
		</Unit>
		<Unit filename="DOXYGENDOC/html/search/enums_0.js">
			<Option target="all" />
		</Unit>
		<Unit filename="DOXYGENDOC/html/search/enums_1.html">
			<Option target="all" />
		</Unit>
		<Unit filename="DOXYGENDOC/html/search/enums_1.js">
			<Option target="all" />
		</Unit>
		<Unit filename="DOXYGENDOC/html/search/enumvalues_0.html">
			<Option target="all" />
		</Unit>
		<Unit filename="DOXYGENDOC/html/search/enumvalues_0.js">
			<Option target="all" />
		</Unit>
		<Unit filename="DOXYGENDOC/html/search/enumvalues_1.html">
			<Option target="all" />
		</Unit>
		<Unit filename="DOXYGENDOC/html/search/enumvalues_1.js">
			<Option target="all" />
		</Unit>
		<Unit filename="DOXYGENDOC/html/search/enumvalues_2.html">
			<Option target="all" />
		</Unit>
		<Unit filename="DOXYGENDOC/html/search/enumvalues_2.js">
			<Option target="all" />
		</Unit>
		<Unit filename="DOXYGENDOC/html/search/enumvalues_3.html">
			<Option target="all" />
		</Unit>
		<Unit filename="DOXYGENDOC/html/search/enumvalues_3.js">
			<Option target="all" />
		</Unit>
		<Unit filename="DOXYGENDOC/html/search/enumvalues_4.html">
			<Option target="all" />
		</Unit>
		<Unit filename="DOXYGENDOC/html/search/enumvalues_4.js">
			<Option target="all" />
		</Unit>
		<Unit filename="DOXYGENDOC/html/search/enumvalues_5.html">
			<Option target="all" />
		</Unit>
		<Unit filename="DOXYGENDOC/html/search/enumvalues_5.js">
			<Option target="all" />
		</Unit>
		<Unit filename="DOXYGENDOC/html/search/enumvalues_6.html">
			<Option target="all" />
		</Unit>
		<Unit filename="DOXYGENDOC/html/search/enumvalues_6.js">
			<Option target="all" />
		</Unit>
		<Unit filename="DOXYGENDOC/html/search/enumvalues_7.html">
			<Option target="all" />
		</Unit>
		<Unit filename="DOXYGENDOC/html/search/enumvalues_7.js">
			<Option target="all" />
		</Unit>
		<Unit filename="DOXYGENDOC/html/search/enumvalues_8.html">
			<Option target="all" />
		</Unit>
		<Unit filename="DOXYGENDOC/html/search/enumvalues_8.js">
			<Option target="all" />
		</Unit>
		<Unit filename="DOXYGENDOC/html/search/enumvalues_9.html">
			<Option target="all" />
		</Unit>
		<Unit filename="DOXYGENDOC/html/search/enumvalues_9.js">
			<Option target="all" />
		</Unit>
		<Unit filename="DOXYGENDOC/html/search/files_0.html">
			<Option target="all" />
		</Unit>
		<Unit filename="DOXYGENDOC/html/search/files_0.js">
			<Option target="all" />
		</Unit>
		<Unit filename="DOXYGENDOC/html/search/files_1.html">
			<Option target="all" />
		</Unit>
		<Unit filename="DOXYGENDOC/html/search/files_1.js">
			<Option target="all" />
		</Unit>
		<Unit filename="DOXYGENDOC/html/search/functions_0.html">
			<Option target="all" />
		</Unit>
		<Unit filename="DOXYGENDOC/html/search/functions_0.js">
			<Option target="all" />
		</Unit>
		<Unit filename="DOXYGENDOC/html/search/functions_1.html">
			<Option target="all" />
		</Unit>
		<Unit filename="DOXYGENDOC/html/search/functions_1.js">
			<Option target="all" />
		</Unit>
		<Unit filename="DOXYGENDOC/html/search/functions_2.html">
			<Option target="all" />
		</Unit>
		<Unit filename="DOXYGENDOC/html/search/functions_2.js">
			<Option target="all" />
		</Unit>
		<Unit filename="DOXYGENDOC/html/search/functions_3.html">
			<Option target="all" />
		</Unit>
		<Unit filename="DOXYGENDOC/html/search/functions_3.js">
			<Option target="all" />
		</Unit>
		<Unit filename="DOXYGENDOC/html/search/functions_4.html">
			<Option target="all" />
		</Unit>
		<Unit filename="DOXYGENDOC/html/search/functions_4.js">
			<Option target="all" />
		</Unit>
		<Unit filename="DOXYGENDOC/html/search/functions_5.html">
			<Option target="all" />
		</Unit>
		<Unit filename="DOXYGENDOC/html/search/functions_5.js">
			<Option target="all" />
		</Unit>
		<Unit filename="DOXYGENDOC/html/search/functions_6.html">
			<Option target="all" />
		</Unit>
		<Unit filename="DOXYGENDOC/html/search/functions_6.js">
			<Option target="all" />
		</Unit>
		<Unit filename="DOXYGENDOC/html/search/functions_7.html">
			<Option target="all" />
		</Unit>
		<Unit filename="DOXYGENDOC/html/search/functions_7.js">
			<Option target="all" />
		</Unit>
		<Unit filename="DOXYGENDOC/html/search/functions_8.html">
			<Option target="all" />
		</Unit>
		<Unit filename="DOXYGENDOC/html/search/functions_8.js">
			<Option target="all" />
		</Unit>
		<Unit filename="DOXYGENDOC/html/search/functions_9.html">
			<Option target="all" />
		</Unit>
		<Unit filename="DOXYGENDOC/html/search/functions_9.js">
			<Option target="all" />
		</Unit>
		<Unit filename="DOXYGENDOC/html/search/functions_a.html">
			<Option target="all" />
		</Unit>
		<Unit filename="DOXYGENDOC/html/search/functions_a.js">
			<Option target="all" />
		</Unit>
		<Unit filename="DOXYGENDOC/html/search/functions_b.html">
			<Option target="all" />
		</Unit>
		<Unit filename="DOXYGENDOC/html/search/functions_b.js">
			<Option target="all" />
		</Unit>
		<Unit filename="DOXYGENDOC/html/search/functions_c.html">
			<Option target="all" />
		</Unit>
		<Unit filename="DOXYGENDOC/html/search/functions_c.js">
			<Option target="all" />
		</Unit>
		<Unit filename="DOXYGENDOC/html/search/functions_d.html">
			<Option target="all" />
		</Unit>
		<Unit filename="DOXYGENDOC/html/search/functions_d.js">
			<Option target="all" />
		</Unit>
		<Unit filename="DOXYGENDOC/html/search/functions_e.html">
			<Option target="all" />
		</Unit>
		<Unit filename="DOXYGENDOC/html/search/functions_e.js">
			<Option target="all" />
		</Unit>
		<Unit filename="DOXYGENDOC/html/search/functions_f.html">
			<Option target="all" />
		</Unit>
		<Unit filename="DOXYGENDOC/html/search/functions_f.js">
			<Option target="all" />
		</Unit>
		<Unit filename="DOXYGENDOC/html/search/mag_sel.png">
			<Option target="all" />
		</Unit>
		<Unit filename="DOXYGENDOC/html/search/namespaces_0.html">
			<Option target="all" />
		</Unit>
		<Unit filename="DOXYGENDOC/html/search/namespaces_0.js">
			<Option target="all" />
		</Unit>
		<Unit filename="DOXYGENDOC/html/search/nomatches.html">
			<Option target="all" />
		</Unit>
		<Unit filename="DOXYGENDOC/html/search/pages_0.html">
			<Option target="all" />
		</Unit>
		<Unit filename="DOXYGENDOC/html/search/pages_0.js">
			<Option target="all" />
		</Unit>
		<Unit filename="DOXYGENDOC/html/search/pages_1.html">
			<Option target="all" />
		</Unit>
		<Unit filename="DOXYGENDOC/html/search/pages_1.js">
			<Option target="all" />
		</Unit>
		<Unit filename="DOXYGENDOC/html/search/search.css">
			<Option target="all" />
		</Unit>
		<Unit filename="DOXYGENDOC/html/search/search.js">
			<Option target="all" />
		</Unit>
		<Unit filename="DOXYGENDOC/html/search/search_l.png">
			<Option target="all" />
		</Unit>
		<Unit filename="DOXYGENDOC/html/search/search_m.png">
			<Option target="all" />
		</Unit>
		<Unit filename="DOXYGENDOC/html/search/search_r.png">
			<Option target="all" />
		</Unit>
		<Unit filename="DOXYGENDOC/html/search/searchdata.js">
			<Option target="all" />
		</Unit>
		<Unit filename="DOXYGENDOC/html/search/variables_0.html">
			<Option target="all" />
		</Unit>
		<Unit filename="DOXYGENDOC/html/search/variables_0.js">
			<Option target="all" />
		</Unit>
		<Unit filename="DOXYGENDOC/html/search/variables_1.html">
			<Option target="all" />
		</Unit>
		<Unit filename="DOXYGENDOC/html/search/variables_1.js">
			<Option target="all" />
		</Unit>
		<Unit filename="DOXYGENDOC/html/search/variables_2.html">
			<Option target="all" />
		</Unit>
		<Unit filename="DOXYGENDOC/html/search/variables_2.js">
			<Option target="all" />
		</Unit>
		<Unit filename="DOXYGENDOC/html/search/variables_3.html">
			<Option target="all" />
		</Unit>
		<Unit filename="DOXYGENDOC/html/search/variables_3.js">
			<Option target="all" />
		</Unit>
		<Unit filename="DOXYGENDOC/html/search/variables_4.html">
			<Option target="all" />
		</Unit>
		<Unit filename="DOXYGENDOC/html/search/variables_4.js">
			<Option target="all" />
		</Unit>
		<Unit filename="DOXYGENDOC/html/search/variables_5.html">
			<Option target="all" />
		</Unit>
		<Unit filename="DOXYGENDOC/html/search/variables_5.js">
			<Option target="all" />
		</Unit>
		<Unit filename="DOXYGENDOC/html/search/variables_6.html">
			<Option target="all" />
		</Unit>
		<Unit filename="DOXYGENDOC/html/search/variables_6.js">
			<Option target="all" />
		</Unit>
		<Unit filename="DOXYGENDOC/html/search/variables_7.html">
			<Option target="all" />
		</Unit>
		<Unit filename="DOXYGENDOC/html/search/variables_7.js">
			<Option target="all" />
		</Unit>
		<Unit filename="DOXYGENDOC/html/search/variables_8.html">
			<Option target="all" />
		</Unit>
		<Unit filename="DOXYGENDOC/html/search/variables_8.js">
			<Option target="all" />
		</Unit>
		<Unit filename="DOXYGENDOC/html/splitbar.png">
			<Option target="all" />
		</Unit>
		<Unit filename="DOXYGENDOC/html/sync_off.png">
			<Option target="all" />
		</Unit>
		<Unit filename="DOXYGENDOC/html/sync_on.png">
			<Option target="all" />
		</Unit>
		<Unit filename="DOXYGENDOC/html/tab_a.png">
			<Option target="all" />
		</Unit>
		<Unit filename="DOXYGENDOC/html/tab_b.png">
			<Option target="all" />
		</Unit>
		<Unit filename="DOXYGENDOC/html/tab_h.png">
			<Option target="all" />
		</Unit>
		<Unit filename="DOXYGENDOC/html/tab_s.png">
			<Option target="all" />
		</Unit>
		<Unit filename="DOXYGENDOC/html/tabs.css">
			<Option target="all" />
		</Unit>
		<Unit filename="DOXYGENDOC/html/todo.html">
			<Option target="all" />
		</Unit>
		<Unit filename="Doxyfile">
			<Option target="all" />
		</Unit>
		<Unit filename="LICENSE">
			<Option target="all" />
		</Unit>
		<Unit filename="Makefile">
			<Option target="all" />
		</Unit>
		<Unit filename="README.md">
			<Option target="all" />
		</Unit>
		<Unit filename="SIMPLESOCKET.C">
			<Option compilerVar="CC" />
			<Option target="all" />
		</Unit>
		<Unit filename="SIMPLESOCKET.H">
			<Option target="all" />
		</Unit>
		<Unit filename="SIMPLESOCKET.o">
			<Option target="all" />
		</Unit>
		<Unit filename="TASK3.C">
			<Option compilerVar="CC" />
			<Option target="all" />
		</Unit>
		<Unit filename="TASK3.H">
			<Option target="all" />
		</Unit>
		<Unit filename="TASK3.o">
			<Option target="all" />
		</Unit>
		<Unit filename="client">
			<Option target="all" />
		</Unit>
		<Unit filename="client.C">
			<Option compilerVar="CC" />
			<Option target="all" />
		</Unit>
		<Unit filename="client.o">
			<Option target="all" />
		</Unit>
		<Unit filename="main">
			<Option target="all" />
		</Unit>
		<Unit filename="main.C">
			<Option compilerVar="CC" />
			<Option target="all" />
		</Unit>
		<Unit filename="main.o">
			<Option target="all" />
		</Unit>
		<Unit filename="mainTest">
			<Option target="all" />
		</Unit>
		<Unit filename="mainTest.o">
			<Option target="all" />
		</Unit>
		<Unit filename="server">
			<Option target="all" />
		</Unit>
		<Unit filename="server.C">
			<Option compilerVar="CC" />
			<Option target="all" />
		</Unit>
		<Unit filename="server.o">
			<Option target="all" />
		</Unit>
		<Extensions>
			<code_completion />
			<debugger />
		</Extensions>
	</Project>
</CodeBlocks_project_file>
